
Microsoft Visual Studio Solution File, Format Version 12.00
# Visual Studio Version 16
VisualStudioVersion = 16.0.30114.105
MinimumVisualStudioVersion = 10.0.40219.1
Project("{FAE04EC0-301F-11D3-BF4B-00C04F79EFBC}") = "Jokes", "Jokes\Jokes.csproj", "{8CD1287C-8645-4905-86ED-7A0A1C250FA5}"
EndProject
Project("{FAE04EC0-301F-11D3-BF4B-00C04F79EFBC}") = "JokesLib", "JokesLib\JokesLib.csproj", "{C5266BDE-9DBA-4D2E-B1FF-7F014A7BF719}"
EndProject
Global
	GlobalSection(SolutionConfigurationPlatforms) = preSolution
		Debug|Any CPU = Debug|Any CPU
		Debug|x64 = Debug|x64
		Debug|x86 = Debug|x86
		Release|Any CPU = Release|Any CPU
		Release|x64 = Release|x64
		Release|x86 = Release|x86
	EndGlobalSection
	GlobalSection(SolutionProperties) = preSolution
		HideSolutionNode = FALSE
	EndGlobalSection
	GlobalSection(ProjectConfigurationPlatforms) = postSolution
		{8CD1287C-8645-4905-86ED-7A0A1C250FA5}.Debug|Any CPU.ActiveCfg = Debug|Any CPU
		{8CD1287C-8645-4905-86ED-7A0A1C250FA5}.Debug|Any CPU.Build.0 = Debug|Any CPU
		{8CD1287C-8645-4905-86ED-7A0A1C250FA5}.Debug|x64.ActiveCfg = Debug|Any CPU
		{8CD1287C-8645-4905-86ED-7A0A1C250FA5}.Debug|x64.Build.0 = Debug|Any CPU
		{8CD1287C-8645-4905-86ED-7A0A1C250FA5}.Debug|x86.ActiveCfg = Debug|Any CPU
		{8CD1287C-8645-4905-86ED-7A0A1C250FA5}.Debug|x86.Build.0 = Debug|Any CPU
		{8CD1287C-8645-4905-86ED-7A0A1C250FA5}.Release|Any CPU.ActiveCfg = Release|Any CPU
		{8CD1287C-8645-4905-86ED-7A0A1C250FA5}.Release|Any CPU.Build.0 = Release|Any CPU
		{8CD1287C-8645-4905-86ED-7A0A1C250FA5}.Release|x64.ActiveCfg = Release|Any CPU
		{8CD1287C-8645-4905-86ED-7A0A1C250FA5}.Release|x64.Build.0 = Release|Any CPU
		{8CD1287C-8645-4905-86ED-7A0A1C250FA5}.Release|x86.ActiveCfg = Release|Any CPU
		{8CD1287C-8645-4905-86ED-7A0A1C250FA5}.Release|x86.Build.0 = Release|Any CPU
		{C5266BDE-9DBA-4D2E-B1FF-7F014A7BF719}.Debug|Any CPU.ActiveCfg = Debug|Any CPU
		{C5266BDE-9DBA-4D2E-B1FF-7F014A7BF719}.Debug|Any CPU.Build.0 = Debug|Any CPU
		{C5266BDE-9DBA-4D2E-B1FF-7F014A7BF719}.Debug|x64.ActiveCfg = Debug|Any CPU
		{C5266BDE-9DBA-4D2E-B1FF-7F014A7BF719}.Debug|x64.Build.0 = Debug|Any CPU
		{C5266BDE-9DBA-4D2E-B1FF-7F014A7BF719}.Debug|x86.ActiveCfg = Debug|Any CPU
		{C5266BDE-9DBA-4D2E-B1FF-7F014A7BF719}.Debug|x86.Build.0 = Debug|Any CPU
		{C5266BDE-9DBA-4D2E-B1FF-7F014A7BF719}.Release|Any CPU.ActiveCfg = Release|Any CPU
		{C5266BDE-9DBA-4D2E-B1FF-7F014A7BF719}.Release|Any CPU.Build.0 = Release|Any CPU
		{C5266BDE-9DBA-4D2E-B1FF-7F014A7BF719}.Release|x64.ActiveCfg = Release|Any CPU
		{C5266BDE-9DBA-4D2E-B1FF-7F014A7BF719}.Release|x64.Build.0 = Release|Any CPU
		{C5266BDE-9DBA-4D2E-B1FF-7F014A7BF719}.Release|x86.ActiveCfg = Release|Any CPU
		{C5266BDE-9DBA-4D2E-B1FF-7F014A7BF719}.Release|x86.Build.0 = Release|Any CPU
	EndGlobalSection
EndGlobal
