
Microsoft Visual Studio Solution File, Format Version 12.00
# Visual Studio Version 16
VisualStudioVersion = 25.0.1700.5
MinimumVisualStudioVersion = 10.0.40219.1
Project("{FAE04EC0-301F-11D3-BF4B-00C04F79EFBC}") = "McCabeApp", "Learning\McCabeApp.csproj", "{97CEEF43-B39F-43EF-9631-C7A1FC3CF610}"
EndProject
Project("{FAE04EC0-301F-11D3-BF4B-00C04F79EFBC}") = "McCabeLib", "McCabeLib\McCabeLib.csproj", "{4FA7E41D-8E7E-40E0-B5AE-C177B7AA5F57}"
EndProject
Global
	GlobalSection(SolutionConfigurationPlatforms) = preSolution
		Debug|Any CPU = Debug|Any CPU
		Release|Any CPU = Release|Any CPU
	EndGlobalSection
	GlobalSection(ProjectConfigurationPlatforms) = postSolution
		{97CEEF43-B39F-43EF-9631-C7A1FC3CF610}.Debug|Any CPU.ActiveCfg = Debug|Any CPU
		{97CEEF43-B39F-43EF-9631-C7A1FC3CF610}.Debug|Any CPU.Build.0 = Debug|Any CPU
		{97CEEF43-B39F-43EF-9631-C7A1FC3CF610}.Release|Any CPU.ActiveCfg = Release|Any CPU
		{97CEEF43-B39F-43EF-9631-C7A1FC3CF610}.Release|Any CPU.Build.0 = Release|Any CPU
		{4FA7E41D-8E7E-40E0-B5AE-C177B7AA5F57}.Debug|Any CPU.ActiveCfg = Debug|Any CPU
		{4FA7E41D-8E7E-40E0-B5AE-C177B7AA5F57}.Debug|Any CPU.Build.0 = Debug|Any CPU
		{4FA7E41D-8E7E-40E0-B5AE-C177B7AA5F57}.Release|Any CPU.ActiveCfg = Release|Any CPU
		{4FA7E41D-8E7E-40E0-B5AE-C177B7AA5F57}.Release|Any CPU.Build.0 = Release|Any CPU
	EndGlobalSection
	GlobalSection(SolutionProperties) = preSolution
		HideSolutionNode = FALSE
	EndGlobalSection
	GlobalSection(ExtensibilityGlobals) = postSolution
		SolutionGuid = {F1678943-9331-4FCD-95AE-2067C30BE95A}
	EndGlobalSection
EndGlobal
